
Microsoft Visual Studio Solution File, Format Version 12.00
# Visual Studio Version 16
VisualStudioVersion = 16.0.31729.503
MinimumVisualStudioVersion = 10.0.40219.1
Project("{FAE04EC0-301F-11D3-BF4B-00C04F79EFBC}") = "TestTask_4A_MVC", "TestTask_4A_MVC\TestTask_4A_MVC.csproj", "{20BC2A89-9060-439B-892D-56029DD2D66C}"
EndProject
Global
	GlobalSection(SolutionConfigurationPlatforms) = preSolution
		Debug|Any CPU = Debug|Any CPU
		Release|Any CPU = Release|Any CPU
	EndGlobalSection
	GlobalSection(ProjectConfigurationPlatforms) = postSolution
		{20BC2A89-9060-439B-892D-56029DD2D66C}.Debug|Any CPU.ActiveCfg = Debug|Any CPU
		{20BC2A89-9060-439B-892D-56029DD2D66C}.Debug|Any CPU.Build.0 = Debug|Any CPU
		{20BC2A89-9060-439B-892D-56029DD2D66C}.Release|Any CPU.ActiveCfg = Release|Any CPU
		{20BC2A89-9060-439B-892D-56029DD2D66C}.Release|Any CPU.Build.0 = Release|Any CPU
	EndGlobalSection
	GlobalSection(SolutionProperties) = preSolution
		HideSolutionNode = FALSE
	EndGlobalSection
	GlobalSection(ExtensibilityGlobals) = postSolution
		SolutionGuid = {A892E170-EA4E-4B4D-BBCF-80254935B779}
	EndGlobalSection
EndGlobal
